
Microsoft Visual Studio Solution File, Format Version 12.00
# Visual Studio Version 16
VisualStudioVersion = 16.0.29009.5
MinimumVisualStudioVersion = 10.0.40219.1
Project("{FAE04EC0-301F-11D3-BF4B-00C04F79EFBC}") = "DeviceContextTest", "DeviceContextTest\DeviceContextTest.csproj", "{2136EE1E-3EE9-4B5A-855B-3F9C69300FFC}"
EndProject
Global
	GlobalSection(SolutionConfigurationPlatforms) = preSolution
		Debug|Any CPU = Debug|Any CPU
		Release|Any CPU = Release|Any CPU
	EndGlobalSection
	GlobalSection(ProjectConfigurationPlatforms) = postSolution
		{2136EE1E-3EE9-4B5A-855B-3F9C69300FFC}.Debug|Any CPU.ActiveCfg = Debug|Any CPU
		{2136EE1E-3EE9-4B5A-855B-3F9C69300FFC}.Debug|Any CPU.Build.0 = Debug|Any CPU
		{2136EE1E-3EE9-4B5A-855B-3F9C69300FFC}.Release|Any CPU.ActiveCfg = Release|Any CPU
		{2136EE1E-3EE9-4B5A-855B-3F9C69300FFC}.Release|Any CPU.Build.0 = Release|Any CPU
	EndGlobalSection
	GlobalSection(SolutionProperties) = preSolution
		HideSolutionNode = FALSE
	EndGlobalSection
	GlobalSection(ExtensibilityGlobals) = postSolution
		SolutionGuid = {FA3501B7-8175-41BC-BB96-E0E022C95744}
	EndGlobalSection
EndGlobal
